
Microsoft Visual Studio Solution File, Format Version 12.00
# Visual Studio 15
VisualStudioVersion = 15.0.27004.2009
MinimumVisualStudioVersion = 10.0.40219.1
Project("{9A19103F-16F7-4668-BE54-9A1E7A4F7556}") = "TNCServicesPlatform.APIHost", "TNCServicesPlatform.APIHost\TNCServicesPlatform.APIHost.csproj", "{A2BABDEA-F81D-4A1E-99C6-FAC04F8BBA42}"
EndProject
Project("{9A19103F-16F7-4668-BE54-9A1E7A4F7556}") = "TNCServicesPlatform.StorageAPI", "TNCServicesPlatform.StorageAPI\TNCServicesPlatform.StorageAPI.csproj", "{2C609856-5812-489F-A5C2-64726C3D1AE9}"
EndProject
Project("{9A19103F-16F7-4668-BE54-9A1E7A4F7556}") = "TNCImagePredictionConsole", "TNCImagePredictionConsole\TNCImagePredictionConsole.csproj", "{47188BBC-5DA0-4855-86DE-AE4E446D2F1B}"
EndProject
Project("{9A19103F-16F7-4668-BE54-9A1E7A4F7556}") = "TNCServicePlatformAccessDemo", "TNCServicePlatformAccessDemo\TNCServicePlatformAccessDemo.csproj", "{265B9FC7-14D0-41EE-A2C2-9AFB97C393DA}"
EndProject
Project("{9A19103F-16F7-4668-BE54-9A1E7A4F7556}") = "TNCServicesPlatform.DataModel", "TNCServicesPlatform.DataModel\TNCServicesPlatform.DataModel.csproj", "{157A3394-AF6E-43C5-AC56-D170F439F236}"
EndProject
Project("{FAE04EC0-301F-11D3-BF4B-00C04F79EFBC}") = "TNCWeb", "TNCWeb\TNCWeb.csproj", "{2569571F-887D-40D2-BAE6-BE037BB3BBBA}"
EndProject
Project("{FAE04EC0-301F-11D3-BF4B-00C04F79EFBC}") = "TNCApp", "TNCApp\TNCApp.csproj", "{B6FA2794-CA17-47AB-91F9-7203AB1CFEA4}"
EndProject
Project("{FAE04EC0-301F-11D3-BF4B-00C04F79EFBC}") = "TNCApp_New", "TNCApp_New\TNCApp_New.csproj", "{9D03D81F-3373-4422-8A18-86B8B8FA8907}"
EndProject
Global
	GlobalSection(SolutionConfigurationPlatforms) = preSolution
		Debug|Any CPU = Debug|Any CPU
		Debug|x64 = Debug|x64
		Release|Any CPU = Release|Any CPU
		Release|x64 = Release|x64
	EndGlobalSection
	GlobalSection(ProjectConfigurationPlatforms) = postSolution
		{A2BABDEA-F81D-4A1E-99C6-FAC04F8BBA42}.Debug|Any CPU.ActiveCfg = Debug|Any CPU
		{A2BABDEA-F81D-4A1E-99C6-FAC04F8BBA42}.Debug|Any CPU.Build.0 = Debug|Any CPU
		{A2BABDEA-F81D-4A1E-99C6-FAC04F8BBA42}.Debug|x64.ActiveCfg = Debug|x64
		{A2BABDEA-F81D-4A1E-99C6-FAC04F8BBA42}.Debug|x64.Build.0 = Debug|x64
		{A2BABDEA-F81D-4A1E-99C6-FAC04F8BBA42}.Release|Any CPU.ActiveCfg = Release|Any CPU
		{A2BABDEA-F81D-4A1E-99C6-FAC04F8BBA42}.Release|Any CPU.Build.0 = Release|Any CPU
		{A2BABDEA-F81D-4A1E-99C6-FAC04F8BBA42}.Release|x64.ActiveCfg = Release|x64
		{A2BABDEA-F81D-4A1E-99C6-FAC04F8BBA42}.Release|x64.Build.0 = Release|x64
		{2C609856-5812-489F-A5C2-64726C3D1AE9}.Debug|Any CPU.ActiveCfg = Debug|Any CPU
		{2C609856-5812-489F-A5C2-64726C3D1AE9}.Debug|Any CPU.Build.0 = Debug|Any CPU
		{2C609856-5812-489F-A5C2-64726C3D1AE9}.Debug|x64.ActiveCfg = Debug|Any CPU
		{2C609856-5812-489F-A5C2-64726C3D1AE9}.Debug|x64.Build.0 = Debug|Any CPU
		{2C609856-5812-489F-A5C2-64726C3D1AE9}.Release|Any CPU.ActiveCfg = Release|Any CPU
		{2C609856-5812-489F-A5C2-64726C3D1AE9}.Release|Any CPU.Build.0 = Release|Any CPU
		{2C609856-5812-489F-A5C2-64726C3D1AE9}.Release|x64.ActiveCfg = Release|Any CPU
		{2C609856-5812-489F-A5C2-64726C3D1AE9}.Release|x64.Build.0 = Release|Any CPU
		{47188BBC-5DA0-4855-86DE-AE4E446D2F1B}.Debug|Any CPU.ActiveCfg = Debug|Any CPU
		{47188BBC-5DA0-4855-86DE-AE4E446D2F1B}.Debug|Any CPU.Build.0 = Debug|Any CPU
		{47188BBC-5DA0-4855-86DE-AE4E446D2F1B}.Debug|x64.ActiveCfg = Debug|Any CPU
		{47188BBC-5DA0-4855-86DE-AE4E446D2F1B}.Debug|x64.Build.0 = Debug|Any CPU
		{47188BBC-5DA0-4855-86DE-AE4E446D2F1B}.Release|Any CPU.ActiveCfg = Release|Any CPU
		{47188BBC-5DA0-4855-86DE-AE4E446D2F1B}.Release|Any CPU.Build.0 = Release|Any CPU
		{47188BBC-5DA0-4855-86DE-AE4E446D2F1B}.Release|x64.ActiveCfg = Release|Any CPU
		{47188BBC-5DA0-4855-86DE-AE4E446D2F1B}.Release|x64.Build.0 = Release|Any CPU
		{265B9FC7-14D0-41EE-A2C2-9AFB97C393DA}.Debug|Any CPU.ActiveCfg = Debug|Any CPU
		{265B9FC7-14D0-41EE-A2C2-9AFB97C393DA}.Debug|Any CPU.Build.0 = Debug|Any CPU
		{265B9FC7-14D0-41EE-A2C2-9AFB97C393DA}.Debug|x64.ActiveCfg = Debug|Any CPU
		{265B9FC7-14D0-41EE-A2C2-9AFB97C393DA}.Debug|x64.Build.0 = Debug|Any CPU
		{265B9FC7-14D0-41EE-A2C2-9AFB97C393DA}.Release|Any CPU.ActiveCfg = Release|Any CPU
		{265B9FC7-14D0-41EE-A2C2-9AFB97C393DA}.Release|Any CPU.Build.0 = Release|Any CPU
		{265B9FC7-14D0-41EE-A2C2-9AFB97C393DA}.Release|x64.ActiveCfg = Release|Any CPU
		{265B9FC7-14D0-41EE-A2C2-9AFB97C393DA}.Release|x64.Build.0 = Release|Any CPU
		{157A3394-AF6E-43C5-AC56-D170F439F236}.Debug|Any CPU.ActiveCfg = Debug|Any CPU
		{157A3394-AF6E-43C5-AC56-D170F439F236}.Debug|Any CPU.Build.0 = Debug|Any CPU
		{157A3394-AF6E-43C5-AC56-D170F439F236}.Debug|x64.ActiveCfg = Debug|Any CPU
		{157A3394-AF6E-43C5-AC56-D170F439F236}.Debug|x64.Build.0 = Debug|Any CPU
		{157A3394-AF6E-43C5-AC56-D170F439F236}.Release|Any CPU.ActiveCfg = Release|Any CPU
		{157A3394-AF6E-43C5-AC56-D170F439F236}.Release|Any CPU.Build.0 = Release|Any CPU
		{157A3394-AF6E-43C5-AC56-D170F439F236}.Release|x64.ActiveCfg = Release|Any CPU
		{157A3394-AF6E-43C5-AC56-D170F439F236}.Release|x64.Build.0 = Release|Any CPU
		{2569571F-887D-40D2-BAE6-BE037BB3BBBA}.Debug|Any CPU.ActiveCfg = Debug|Any CPU
		{2569571F-887D-40D2-BAE6-BE037BB3BBBA}.Debug|Any CPU.Build.0 = Debug|Any CPU
		{2569571F-887D-40D2-BAE6-BE037BB3BBBA}.Debug|x64.ActiveCfg = Debug|Any CPU
		{2569571F-887D-40D2-BAE6-BE037BB3BBBA}.Debug|x64.Build.0 = Debug|Any CPU
		{2569571F-887D-40D2-BAE6-BE037BB3BBBA}.Release|Any CPU.ActiveCfg = Release|Any CPU
		{2569571F-887D-40D2-BAE6-BE037BB3BBBA}.Release|Any CPU.Build.0 = Release|Any CPU
		{2569571F-887D-40D2-BAE6-BE037BB3BBBA}.Release|x64.ActiveCfg = Release|Any CPU
		{2569571F-887D-40D2-BAE6-BE037BB3BBBA}.Release|x64.Build.0 = Release|Any CPU
		{B6FA2794-CA17-47AB-91F9-7203AB1CFEA4}.Debug|Any CPU.ActiveCfg = Debug|Any CPU
		{B6FA2794-CA17-47AB-91F9-7203AB1CFEA4}.Debug|Any CPU.Build.0 = Debug|Any CPU
		{B6FA2794-CA17-47AB-91F9-7203AB1CFEA4}.Debug|x64.ActiveCfg = Debug|Any CPU
		{B6FA2794-CA17-47AB-91F9-7203AB1CFEA4}.Debug|x64.Build.0 = Debug|Any CPU
		{B6FA2794-CA17-47AB-91F9-7203AB1CFEA4}.Release|Any CPU.ActiveCfg = Release|Any CPU
		{B6FA2794-CA17-47AB-91F9-7203AB1CFEA4}.Release|Any CPU.Build.0 = Release|Any CPU
		{B6FA2794-CA17-47AB-91F9-7203AB1CFEA4}.Release|x64.ActiveCfg = Release|Any CPU
		{B6FA2794-CA17-47AB-91F9-7203AB1CFEA4}.Release|x64.Build.0 = Release|Any CPU
		{9D03D81F-3373-4422-8A18-86B8B8FA8907}.Debug|Any CPU.ActiveCfg = Debug|Any CPU
		{9D03D81F-3373-4422-8A18-86B8B8FA8907}.Debug|Any CPU.Build.0 = Debug|Any CPU
		{9D03D81F-3373-4422-8A18-86B8B8FA8907}.Debug|x64.ActiveCfg = Debug|x64
		{9D03D81F-3373-4422-8A18-86B8B8FA8907}.Debug|x64.Build.0 = Debug|x64
		{9D03D81F-3373-4422-8A18-86B8B8FA8907}.Release|Any CPU.ActiveCfg = Release|Any CPU
		{9D03D81F-3373-4422-8A18-86B8B8FA8907}.Release|Any CPU.Build.0 = Release|Any CPU
		{9D03D81F-3373-4422-8A18-86B8B8FA8907}.Release|x64.ActiveCfg = Release|x64
		{9D03D81F-3373-4422-8A18-86B8B8FA8907}.Release|x64.Build.0 = Release|x64
	EndGlobalSection
	GlobalSection(SolutionProperties) = preSolution
		HideSolutionNode = FALSE
	EndGlobalSection
	GlobalSection(ExtensibilityGlobals) = postSolution
		SolutionGuid = {9F57A86B-84B9-4B8F-8CE2-1D3FAB7957F6}
	EndGlobalSection
EndGlobal
